
Microsoft Visual Studio Solution File, Format Version 12.00
# Visual Studio 15
VisualStudioVersion = 15.0.28307.136
MinimumVisualStudioVersion = 10.0.40219.1
Project("{9A19103F-16F7-4668-BE54-9A1E7A4F7556}") = "DotNetCoreX.Repositories", "Src\Repositories\DotNetCoreX.Repositories.csproj", "{B0C7C466-047E-4077-A77F-C4AB84B8AAB7}"
EndProject
Project("{9A19103F-16F7-4668-BE54-9A1E7A4F7556}") = "DotNetCoreX.Objects", "Src\Objects\DotNetCoreX.Objects.csproj", "{7FD65EB0-D63B-4C51-BAD6-F2A13533B83B}"
EndProject
Global
	GlobalSection(SolutionConfigurationPlatforms) = preSolution
		Debug|Any CPU = Debug|Any CPU
		Release|Any CPU = Release|Any CPU
	EndGlobalSection
	GlobalSection(ProjectConfigurationPlatforms) = postSolution
		{B0C7C466-047E-4077-A77F-C4AB84B8AAB7}.Debug|Any CPU.ActiveCfg = Debug|Any CPU
		{B0C7C466-047E-4077-A77F-C4AB84B8AAB7}.Debug|Any CPU.Build.0 = Debug|Any CPU
		{B0C7C466-047E-4077-A77F-C4AB84B8AAB7}.Release|Any CPU.ActiveCfg = Release|Any CPU
		{B0C7C466-047E-4077-A77F-C4AB84B8AAB7}.Release|Any CPU.Build.0 = Release|Any CPU
		{7FD65EB0-D63B-4C51-BAD6-F2A13533B83B}.Debug|Any CPU.ActiveCfg = Debug|Any CPU
		{7FD65EB0-D63B-4C51-BAD6-F2A13533B83B}.Debug|Any CPU.Build.0 = Debug|Any CPU
		{7FD65EB0-D63B-4C51-BAD6-F2A13533B83B}.Release|Any CPU.ActiveCfg = Release|Any CPU
		{7FD65EB0-D63B-4C51-BAD6-F2A13533B83B}.Release|Any CPU.Build.0 = Release|Any CPU
	EndGlobalSection
	GlobalSection(SolutionProperties) = preSolution
		HideSolutionNode = FALSE
	EndGlobalSection
	GlobalSection(ExtensibilityGlobals) = postSolution
		SolutionGuid = {74AF33FC-0ADF-44F4-BC56-2DDC706A490D}
	EndGlobalSection
EndGlobal
